
Microsoft Visual Studio Solution File, Format Version 12.00
# Visual Studio 15
VisualStudioVersion = 15.0.27703.2018
MinimumVisualStudioVersion = 10.0.40219.1
Project("{FAE04EC0-301F-11D3-BF4B-00C04F79EFBC}") = "AutoAmazon", "AutoAmazon\AutoAmazon.csproj", "{BE216028-9925-4C92-A7E6-956B3ECFBE9E}"
EndProject
Global
	GlobalSection(SolutionConfigurationPlatforms) = preSolution
		Debug|Any CPU = Debug|Any CPU
		Release|Any CPU = Release|Any CPU
	EndGlobalSection
	GlobalSection(ProjectConfigurationPlatforms) = postSolution
		{BE216028-9925-4C92-A7E6-956B3ECFBE9E}.Debug|Any CPU.ActiveCfg = Debug|Any CPU
		{BE216028-9925-4C92-A7E6-956B3ECFBE9E}.Debug|Any CPU.Build.0 = Debug|Any CPU
		{BE216028-9925-4C92-A7E6-956B3ECFBE9E}.Release|Any CPU.ActiveCfg = Release|Any CPU
		{BE216028-9925-4C92-A7E6-956B3ECFBE9E}.Release|Any CPU.Build.0 = Release|Any CPU
	EndGlobalSection
	GlobalSection(SolutionProperties) = preSolution
		HideSolutionNode = FALSE
	EndGlobalSection
	GlobalSection(ExtensibilityGlobals) = postSolution
		SolutionGuid = {43CD6BF7-E0FD-45CD-880F-45758260D9C5}
	EndGlobalSection
EndGlobal
